
Microsoft Visual Studio Solution File, Format Version 12.00
# Visual Studio Version 16
VisualStudioVersion = 16.0.31729.503
MinimumVisualStudioVersion = 10.0.40219.1
Project("{FAE04EC0-301F-11D3-BF4B-00C04F79EFBC}") = "DecisionFlow", "DecisionFlow\DecisionFlow.csproj", "{13AD2CE7-28F8-4C9A-819F-FC661793F93F}"
EndProject
Project("{2150E333-8FDC-42A3-9474-1A3956D46DE8}") = "DevExtreme NuGet.config", "DevExtreme NuGet.config", "{7E31C373-A8B5-4D86-A5DA-18A7F4EAE2BD}"
	ProjectSection(SolutionItems) = preProject
		NuGet.config = NuGet.config
	EndProjectSection
EndProject
Global
	GlobalSection(SolutionConfigurationPlatforms) = preSolution
		Debug|Any CPU = Debug|Any CPU
		Release|Any CPU = Release|Any CPU
	EndGlobalSection
	GlobalSection(ProjectConfigurationPlatforms) = postSolution
		{13AD2CE7-28F8-4C9A-819F-FC661793F93F}.Debug|Any CPU.ActiveCfg = Debug|Any CPU
		{13AD2CE7-28F8-4C9A-819F-FC661793F93F}.Debug|Any CPU.Build.0 = Debug|Any CPU
		{13AD2CE7-28F8-4C9A-819F-FC661793F93F}.Release|Any CPU.ActiveCfg = Release|Any CPU
		{13AD2CE7-28F8-4C9A-819F-FC661793F93F}.Release|Any CPU.Build.0 = Release|Any CPU
	EndGlobalSection
	GlobalSection(SolutionProperties) = preSolution
		HideSolutionNode = FALSE
	EndGlobalSection
	GlobalSection(ExtensibilityGlobals) = postSolution
		SolutionGuid = {7BFA9ADB-94A6-41FF-A81B-5292D4EBFE42}
	EndGlobalSection
EndGlobal
